// !$*UTF8*$!
{
	archiveVersion = 1;
	classes = {
	};
	objectVersion = 56;
	objects = {

/* Begin PBXBuildFile section */
		86019AA5297081FF00077973 /* Backup.csv in Resources */ = {isa = PBXBuildFile; fileRef = 86019AA4297081FF00077973 /* Backup.csv */; };
		86ED8DC0294A53E90055A33A /* BaBIApp.swift in Sources */ = {isa = PBXBuildFile; fileRef = 86ED8DBF294A53E90055A33A /* BaBIApp.swift */; };
		86ED8DC2294A53E90055A33A /* ContentView.swift in Sources */ = {isa = PBXBuildFile; fileRef = 86ED8DC1294A53E90055A33A /* ContentView.swift */; };
		86ED8DC4294A53EA0055A33A /* Assets.xcassets in Resources */ = {isa = PBXBuildFile; fileRef = 86ED8DC3294A53EA0055A33A /* Assets.xcassets */; };
		86ED8DC7294A53EA0055A33A /* Preview Assets.xcassets in Resources */ = {isa = PBXBuildFile; fileRef = 86ED8DC6294A53EA0055A33A /* Preview Assets.xcassets */; };
		86ED8DCF294A54CD0055A33A /* ProductModel.xcdatamodeld in Sources */ = {isa = PBXBuildFile; fileRef = 86ED8DCD294A54CD0055A33A /* ProductModel.xcdatamodeld */; };
		86ED8DD2294A55630055A33A /* CoreDataManager.swift in Sources */ = {isa = PBXBuildFile; fileRef = 86ED8DD1294A55630055A33A /* CoreDataManager.swift */; };
		86ED8DD4294A58B90055A33A /* AddProductView.swift in Sources */ = {isa = PBXBuildFile; fileRef = 86ED8DD3294A58B90055A33A /* AddProductView.swift */; };
		86ED8DD6294A5D1D0055A33A /* EditProductView.swift in Sources */ = {isa = PBXBuildFile; fileRef = 86ED8DD5294A5D1D0055A33A /* EditProductView.swift */; };
/* End PBXBuildFile section */

/* Begin PBXFileReference section */
		86019AA4297081FF00077973 /* Backup.csv */ = {isa = PBXFileReference; fileEncoding = 4; lastKnownFileType = text; path = Backup.csv; sourceTree = "<group>"; };
		8631939B294FDCB9008FD3D0 /* Info.plist */ = {isa = PBXFileReference; lastKnownFileType = text.plist; path = Info.plist; sourceTree = "<group>"; };
		86ED8DBC294A53E90055A33A /* BaBI.app */ = {isa = PBXFileReference; explicitFileType = wrapper.application; includeInIndex = 0; path = BaBI.app; sourceTree = BUILT_PRODUCTS_DIR; };
		86ED8DBF294A53E90055A33A /* BaBIApp.swift */ = {isa = PBXFileReference; lastKnownFileType = sourcecode.swift; path = BaBIApp.swift; sourceTree = "<group>"; };
		86ED8DC1294A53E90055A33A /* ContentView.swift */ = {isa = PBXFileReference; lastKnownFileType = sourcecode.swift; path = ContentView.swift; sourceTree = "<group>"; };
		86ED8DC3294A53EA0055A33A /* Assets.xcassets */ = {isa = PBXFileReference; lastKnownFileType = folder.assetcatalog; path = Assets.xcassets; sourceTree = "<group>"; };
		86ED8DC6294A53EA0055A33A /* Preview Assets.xcassets */ = {isa = PBXFileReference; lastKnownFileType = folder.assetcatalog; path = "Preview Assets.xcassets"; sourceTree = "<group>"; };
		86ED8DCE294A54CD0055A33A /* ProductModel.xcdatamodel */ = {isa = PBXFileReference; lastKnownFileType = wrapper.xcdatamodel; path = ProductModel.xcdatamodel; sourceTree = "<group>"; };
		86ED8DD1294A55630055A33A /* CoreDataManager.swift */ = {isa = PBXFileReference; lastKnownFileType = sourcecode.swift; path = CoreDataManager.swift; sourceTree = "<group>"; };
		86ED8DD3294A58B90055A33A /* AddProductView.swift */ = {isa = PBXFileReference; lastKnownFileType = sourcecode.swift; path = AddProductView.swift; sourceTree = "<group>"; };
		86ED8DD5294A5D1D0055A33A /* EditProductView.swift */ = {isa = PBXFileReference; lastKnownFileType = sourcecode.swift; path = EditProductView.swift; sourceTree = "<group>"; };
/* End PBXFileReference section */

/* Begin PBXFrameworksBuildPhase section */
		86ED8DB9294A53E90055A33A /* Frameworks */ = {
			isa = PBXFrameworksBuildPhase;
			buildActionMask = 2147483647;
			files = (
			);
			runOnlyForDeploymentPostprocessing = 0;
		};
/* End PBXFrameworksBuildPhase section */

/* Begin PBXGroup section */
		86ED8DB3294A53E90055A33A = {
			isa = PBXGroup;
			children = (
				86ED8DBE294A53E90055A33A /* BaBI */,
				86ED8DBD294A53E90055A33A /* Products */,
			);
			sourceTree = "<group>";
		};
		86ED8DBD294A53E90055A33A /* Products */ = {
			isa = PBXGroup;
			children = (
				86ED8DBC294A53E90055A33A /* BaBI.app */,
			);
			name = Products;
			sourceTree = "<group>";
		};
		86ED8DBE294A53E90055A33A /* BaBI */ = {
			isa = PBXGroup;
			children = (
				8631939B294FDCB9008FD3D0 /* Info.plist */,
				86ED8DD0294A554E0055A33A /* Managers */,
				86ED8DBF294A53E90055A33A /* BaBIApp.swift */,
				86ED8DC1294A53E90055A33A /* ContentView.swift */,
				86ED8DC3294A53EA0055A33A /* Assets.xcassets */,
				86ED8DC5294A53EA0055A33A /* Preview Content */,
				86ED8DCD294A54CD0055A33A /* ProductModel.xcdatamodeld */,
				86ED8DD3294A58B90055A33A /* AddProductView.swift */,
				86ED8DD5294A5D1D0055A33A /* EditProductView.swift */,
				86019AA4297081FF00077973 /* Backup.csv */,
			);
			path = BaBI;
			sourceTree = "<group>";
		};
		86ED8DC5294A53EA0055A33A /* Preview Content */ = {
			isa = PBXGroup;
			children = (
				86ED8DC6294A53EA0055A33A /* Preview Assets.xcassets */,
			);
			path = "Preview Content";
			sourceTree = "<group>";
		};
		86ED8DD0294A554E0055A33A /* Managers */ = {
			isa = PBXGroup;
			children = (
				86ED8DD1294A55630055A33A /* CoreDataManager.swift */,
			);
			path = Managers;
			sourceTree = "<group>";
		};
/* End PBXGroup section */

/* Begin PBXNativeTarget section */
		86ED8DBB294A53E90055A33A /* BaBI */ = {
			isa = PBXNativeTarget;
			buildConfigurationList = 86ED8DCA294A53EA0055A33A /* Build configuration list for PBXNativeTarget "BaBI" */;
			buildPhases = (
				86ED8DB8294A53E90055A33A /* Sources */,
				86ED8DB9294A53E90055A33A /* Frameworks */,
				86ED8DBA294A53E90055A33A /* Resources */,
			);
			buildRules = (
			);
			dependencies = (
			);
			name = BaBI;
			productName = BaBI;
			productReference = 86ED8DBC294A53E90055A33A /* BaBI.app */;
			productType = "com.apple.product-type.application";
		};
/* End PBXNativeTarget section */

/* Begin PBXProject section */
		86ED8DB4294A53E90055A33A /* Project object */ = {
			isa = PBXProject;
			attributes = {
				BuildIndependentTargetsInParallel = 1;
				LastSwiftUpdateCheck = 1410;
				LastUpgradeCheck = 1410;
				TargetAttributes = {
					86ED8DBB294A53E90055A33A = {
						CreatedOnToolsVersion = 14.1;
					};
				};
			};
			buildConfigurationList = 86ED8DB7294A53E90055A33A /* Build configuration list for PBXProject "BaBI" */;
			compatibilityVersion = "Xcode 14.0";
			developmentRegion = en;
			hasScannedForEncodings = 0;
			knownRegions = (
				en,
				Base,
			);
			mainGroup = 86ED8DB3294A53E90055A33A;
			productRefGroup = 86ED8DBD294A53E90055A33A /* Products */;
			projectDirPath = "";
			projectRoot = "";
			targets = (
				86ED8DBB294A53E90055A33A /* BaBI */,
			);
		};
/* End PBXProject section */

/* Begin PBXResourcesBuildPhase section */
		86ED8DBA294A53E90055A33A /* Resources */ = {
			isa = PBXResourcesBuildPhase;
			buildActionMask = 2147483647;
			files = (
				86ED8DC7294A53EA0055A33A /* Preview Assets.xcassets in Resources */,
				86019AA5297081FF00077973 /* Backup.csv in Resources */,
				86ED8DC4294A53EA0055A33A /* Assets.xcassets in Resources */,
			);
			runOnlyForDeploymentPostprocessing = 0;
		};
/* End PBXResourcesBuildPhase section */

/* Begin PBXSourcesBuildPhase section */
		86ED8DB8294A53E90055A33A /* Sources */ = {
			isa = PBXSourcesBuildPhase;
			buildActionMask = 2147483647;
			files = (
				86ED8DD6294A5D1D0055A33A /* EditProductView.swift in Sources */,
				86ED8DCF294A54CD0055A33A /* ProductModel.xcdatamodeld in Sources */,
				86ED8DC2294A53E90055A33A /* ContentView.swift in Sources */,
				86ED8DD2294A55630055A33A /* CoreDataManager.swift in Sources */,
				86ED8DC0294A53E90055A33A /* BaBIApp.swift in Sources */,
				86ED8DD4294A58B90055A33A /* AddProductView.swift in Sources */,
			);
			runOnlyForDeploymentPostprocessing = 0;
		};
/* End PBXSourcesBuildPhase section */

/* Begin XCBuildConfiguration section */
		86ED8DC8294A53EA0055A33A /* Debug */ = {
			isa = XCBuildConfiguration;
			buildSettings = {
				ALWAYS_SEARCH_USER_PATHS = NO;
				CLANG_ANALYZER_NONNULL = YES;
				CLANG_ANALYZER_NUMBER_OBJECT_CONVERSION = YES_AGGRESSIVE;
				CLANG_CXX_LANGUAGE_STANDARD = "gnu++20";
				CLANG_ENABLE_MODULES = YES;
				CLANG_ENABLE_OBJC_ARC = YES;
				CLANG_ENABLE_OBJC_WEAK = YES;
				CLANG_WARN_BLOCK_CAPTURE_AUTORELEASING = YES;
				CLANG_WARN_BOOL_CONVERSION = YES;
				CLANG_WARN_COMMA = YES;
				CLANG_WARN_CONSTANT_CONVERSION = YES;
				CLANG_WARN_DEPRECATED_OBJC_IMPLEMENTATIONS = YES;
				CLANG_WARN_DIRECT_OBJC_ISA_USAGE = YES_ERROR;
				CLANG_WARN_DOCUMENTATION_COMMENTS = YES;
				CLANG_WARN_EMPTY_BODY = YES;
				CLANG_WARN_ENUM_CONVERSION = YES;
				CLANG_WARN_INFINITE_RECURSION = YES;
				CLANG_WARN_INT_CONVERSION = YES;
				CLANG_WARN_NON_LITERAL_NULL_CONVERSION = YES;
				CLANG_WARN_OBJC_IMPLICIT_RETAIN_SELF = YES;
				CLANG_WARN_OBJC_LITERAL_CONVERSION = YES;
				CLANG_WARN_OBJC_ROOT_CLASS = YES_ERROR;
				CLANG_WARN_QUOTED_INCLUDE_IN_FRAMEWORK_HEADER = YES;
				CLANG_WARN_RANGE_LOOP_ANALYSIS = YES;
				CLANG_WARN_STRICT_PROTOTYPES = YES;
				CLANG_WARN_SUSPICIOUS_MOVE = YES;
				CLANG_WARN_UNGUARDED_AVAILABILITY = YES_AGGRESSIVE;
				CLANG_WARN_UNREACHABLE_CODE = YES;
				CLANG_WARN__DUPLICATE_METHOD_MATCH = YES;
				COPY_PHASE_STRIP = NO;
				DEBUG_INFORMATION_FORMAT = dwarf;
				ENABLE_STRICT_OBJC_MSGSEND = YES;
				ENABLE_TESTABILITY = YES;
				GCC_C_LANGUAGE_STANDARD = gnu11;
				GCC_DYNAMIC_NO_PIC = NO;
				GCC_NO_COMMON_BLOCKS = YES;
				GCC_OPTIMIZATION_LEVEL = 0;
				GCC_PREPROCESSOR_DEFINITIONS = (
					"DEBUG=1",
					"$(inherited)",
				);
				GCC_WARN_64_TO_32_BIT_CONVERSION = YES;
				GCC_WARN_ABOUT_RETURN_TYPE = YES_ERROR;
				GCC_WARN_UNDECLARED_SELECTOR = YES;
				GCC_WARN_UNINITIALIZED_AUTOS = YES_AGGRESSIVE;
				GCC_WARN_UNUSED_FUNCTION = YES;
				GCC_WARN_UNUSED_VARIABLE = YES;
				IPHONEOS_DEPLOYMENT_TARGET = 16.1;
				MTL_ENABLE_DEBUG_INFO = INCLUDE_SOURCE;
				MTL_FAST_MATH = YES;
				ONLY_ACTIVE_ARCH = YES;
				SDKROOT = iphoneos;
				SWIFT_ACTIVE_COMPILATION_CONDITIONS = DEBUG;
				SWIFT_OPTIMIZATION_LEVEL = "-Onone";
			};
			name = Debug;
		};
		86ED8DC9294A53EA0055A33A /* Release */ = {
			isa = XCBuildConfiguration;
			buildSettings = {
				ALWAYS_SEARCH_USER_PATHS = NO;
				CLANG_ANALYZER_NONNULL = YES;
				CLANG_ANALYZER_NUMBER_OBJECT_CONVERSION = YES_AGGRESSIVE;
				CLANG_CXX_LANGUAGE_STANDARD = "gnu++20";
				CLANG_ENABLE_MODULES = YES;
				CLANG_ENABLE_OBJC_ARC = YES;
				CLANG_ENABLE_OBJC_WEAK = YES;
				CLANG_WARN_BLOCK_CAPTURE_AUTORELEASING = YES;
				CLANG_WARN_BOOL_CONVERSION = YES;
				CLANG_WARN_COMMA = YES;
				CLANG_WARN_CONSTANT_CONVERSION = YES;
				CLANG_WARN_DEPRECATED_OBJC_IMPLEMENTATIONS = YES;
				CLANG_WARN_DIRECT_OBJC_ISA_USAGE = YES_ERROR;
				CLANG_WARN_DOCUMENTATION_COMMENTS = YES;
				CLANG_WARN_EMPTY_BODY = YES;
				CLANG_WARN_ENUM_CONVERSION = YES;
				CLANG_WARN_INFINITE_RECURSION = YES;
				CLANG_WARN_INT_CONVERSION = YES;
				CLANG_WARN_NON_LITERAL_NULL_CONVERSION = YES;
				CLANG_WARN_OBJC_IMPLICIT_RETAIN_SELF = YES;
				CLANG_WARN_OBJC_LITERAL_CONVERSION = YES;
				CLANG_WARN_OBJC_ROOT_CLASS = YES_ERROR;
				CLANG_WARN_QUOTED_INCLUDE_IN_FRAMEWORK_HEADER = YES;
				CLANG_WARN_RANGE_LOOP_ANALYSIS = YES;
				CLANG_WARN_STRICT_PROTOTYPES = YES;
				CLANG_WARN_SUSPICIOUS_MOVE = YES;
				CLANG_WARN_UNGUARDED_AVAILABILITY = YES_AGGRESSIVE;
				CLANG_WARN_UNREACHABLE_CODE = YES;
				CLANG_WARN__DUPLICATE_METHOD_MATCH = YES;
				COPY_PHASE_STRIP = NO;
				DEBUG_INFORMATION_FORMAT = "dwarf-with-dsym";
				ENABLE_NS_ASSERTIONS = NO;
				ENABLE_STRICT_OBJC_MSGSEND = YES;
				GCC_C_LANGUAGE_STANDARD = gnu11;
				GCC_NO_COMMON_BLOCKS = YES;
				GCC_WARN_64_TO_32_BIT_CONVERSION = YES;
				GCC_WARN_ABOUT_RETURN_TYPE = YES_ERROR;
				GCC_WARN_UNDECLARED_SELECTOR = YES;
				GCC_WARN_UNINITIALIZED_AUTOS = YES_AGGRESSIVE;
				GCC_WARN_UNUSED_FUNCTION = YES;
				GCC_WARN_UNUSED_VARIABLE = YES;
				IPHONEOS_DEPLOYMENT_TARGET = 16.1;
				MTL_ENABLE_DEBUG_INFO = NO;
				MTL_FAST_MATH = YES;
				SDKROOT = iphoneos;
				SWIFT_COMPILATION_MODE = wholemodule;
				SWIFT_OPTIMIZATION_LEVEL = "-O";
				VALIDATE_PRODUCT = YES;
			};
			name = Release;
		};
		86ED8DCB294A53EA0055A33A /* Debug */ = {
			isa = XCBuildConfiguration;
			buildSettings = {
				ASSETCATALOG_COMPILER_APPICON_NAME = AppIcon;
				ASSETCATALOG_COMPILER_GLOBAL_ACCENT_COLOR_NAME = AccentColor;
				ASSETCATALOG_COMPILER_INCLUDE_ALL_APPICON_ASSETS = YES;
				CODE_SIGN_ENTITLEMENTS = BaBI/BaBIDebug.entitlements;
				CODE_SIGN_IDENTITY = "Apple Development";
				CODE_SIGN_STYLE = Automatic;
				CURRENT_PROJECT_VERSION = 1;
				DEVELOPMENT_ASSET_PATHS = "\"BaBI/Preview Content\"";
				DEVELOPMENT_TEAM = 7T8CV9XA8P;
				ENABLE_PREVIEWS = YES;
				GENERATE_INFOPLIST_FILE = YES;
				INFOPLIST_FILE = BaBI/Info.plist;
				INFOPLIST_KEY_CFBundleDisplayName = BaBI;
				INFOPLIST_KEY_UIApplicationSceneManifest_Generation = YES;
				INFOPLIST_KEY_UIApplicationSupportsIndirectInputEvents = YES;
				INFOPLIST_KEY_UILaunchScreen_Generation = YES;
				INFOPLIST_KEY_UISupportedInterfaceOrientations_iPad = "UIInterfaceOrientationPortrait UIInterfaceOrientationPortraitUpsideDown UIInterfaceOrientationLandscapeLeft UIInterfaceOrientationLandscapeRight";
				INFOPLIST_KEY_UISupportedInterfaceOrientations_iPhone = "UIInterfaceOrientationPortrait UIInterfaceOrientationLandscapeLeft UIInterfaceOrientationLandscapeRight";
				LD_RUNPATH_SEARCH_PATHS = (
					"$(inherited)",
					"@executable_path/Frameworks",
				);
				MARKETING_VERSION = 1.0;
				PRODUCT_BUNDLE_IDENTIFIER = justinszaro.BaBI;
				PRODUCT_NAME = "$(TARGET_NAME)";
				PROVISIONING_PROFILE_SPECIFIER = "";
				SWIFT_EMIT_LOC_STRINGS = YES;
				SWIFT_VERSION = 5.0;
				TARGETED_DEVICE_FAMILY = "1,2";
			};
			name = Debug;
		};
		86ED8DCC294A53EA0055A33A /* Release */ = {
			isa = XCBuildConfiguration;
			buildSettings = {
				ASSETCATALOG_COMPILER_APPICON_NAME = AppIcon;
				ASSETCATALOG_COMPILER_GLOBAL_ACCENT_COLOR_NAME = AccentColor;
				ASSETCATALOG_COMPILER_INCLUDE_ALL_APPICON_ASSETS = YES;
				CODE_SIGN_ENTITLEMENTS = BaBI/BaBI.entitlements;
				CODE_SIGN_IDENTITY = "Apple Development";
				CODE_SIGN_STYLE = Automatic;
				CURRENT_PROJECT_VERSION = 1;
				DEVELOPMENT_ASSET_PATHS = "\"BaBI/Preview Content\"";
				DEVELOPMENT_TEAM = 7T8CV9XA8P;
				ENABLE_PREVIEWS = YES;
				GENERATE_INFOPLIST_FILE = YES;
				INFOPLIST_FILE = BaBI/Info.plist;
				INFOPLIST_KEY_CFBundleDisplayName = BaBI;
				INFOPLIST_KEY_UIApplicationSceneManifest_Generation = YES;
				INFOPLIST_KEY_UIApplicationSupportsIndirectInputEvents = YES;
				INFOPLIST_KEY_UILaunchScreen_Generation = YES;
				INFOPLIST_KEY_UISupportedInterfaceOrientations_iPad = "UIInterfaceOrientationPortrait UIInterfaceOrientationPortraitUpsideDown UIInterfaceOrientationLandscapeLeft UIInterfaceOrientationLandscapeRight";
				INFOPLIST_KEY_UISupportedInterfaceOrientations_iPhone = "UIInterfaceOrientationPortrait UIInterfaceOrientationLandscapeLeft UIInterfaceOrientationLandscapeRight";
				LD_RUNPATH_SEARCH_PATHS = (
					"$(inherited)",
					"@executable_path/Frameworks",
				);
				MARKETING_VERSION = 1.0;
				PRODUCT_BUNDLE_IDENTIFIER = justinszaro.BaBI;
				PRODUCT_NAME = "$(TARGET_NAME)";
				PROVISIONING_PROFILE_SPECIFIER = "";
				SWIFT_EMIT_LOC_STRINGS = YES;
				SWIFT_VERSION = 5.0;
				TARGETED_DEVICE_FAMILY = "1,2";
			};
			name = Release;
		};
/* End XCBuildConfiguration section */

/* Begin XCConfigurationList section */
		86ED8DB7294A53E90055A33A /* Build configuration list for PBXProject "BaBI" */ = {
			isa = XCConfigurationList;
			buildConfigurations = (
				86ED8DC8294A53EA0055A33A /* Debug */,
				86ED8DC9294A53EA0055A33A /* Release */,
			);
			defaultConfigurationIsVisible = 0;
			defaultConfigurationName = Release;
		};
		86ED8DCA294A53EA0055A33A /* Build configuration list for PBXNativeTarget "BaBI" */ = {
			isa = XCConfigurationList;
			buildConfigurations = (
				86ED8DCB294A53EA0055A33A /* Debug */,
				86ED8DCC294A53EA0055A33A /* Release */,
			);
			defaultConfigurationIsVisible = 0;
			defaultConfigurationName = Release;
		};
/* End XCConfigurationList section */

/* Begin XCVersionGroup section */
		86ED8DCD294A54CD0055A33A /* ProductModel.xcdatamodeld */ = {
			isa = XCVersionGroup;
			children = (
				86ED8DCE294A54CD0055A33A /* ProductModel.xcdatamodel */,
			);
			currentVersion = 86ED8DCE294A54CD0055A33A /* ProductModel.xcdatamodel */;
			path = ProductModel.xcdatamodeld;
			sourceTree = "<group>";
			versionGroupType = wrapper.xcdatamodel;
		};
/* End XCVersionGroup section */
	};
	rootObject = 86ED8DB4294A53E90055A33A /* Project object */;
}
